// !$*UTF8*$!
{
	archiveVersion = 1;
	classes = {
	};
	objectVersion = 55;
	objects = {

/* Begin PBXBuildFile section */
		DA11ED002B91D7DD0044CD17 /* PomodoroApp.swift in Sources */ = {isa = PBXBuildFile; fileRef = DA11ECFF2B91D7DD0044CD17 /* PomodoroApp.swift */; };
		DA11ED022B91D7DD0044CD17 /* ContentView.swift in Sources */ = {isa = PBXBuildFile; fileRef = DA11ED012B91D7DD0044CD17 /* ContentView.swift */; };
		DA11ED042B91D7DF0044CD17 /* Assets.xcassets in Resources */ = {isa = PBXBuildFile; fileRef = DA11ED032B91D7DF0044CD17 /* Assets.xcassets */; };
		DA11ED072B91D7DF0044CD17 /* Preview Assets.xcassets in Resources */ = {isa = PBXBuildFile; fileRef = DA11ED062B91D7DF0044CD17 /* Preview Assets.xcassets */; };
		DA11ED112B91D7DF0044CD17 /* PomodoroTests.swift in Sources */ = {isa = PBXBuildFile; fileRef = DA11ED102B91D7DF0044CD17 /* PomodoroTests.swift */; };
		DA11ED1B2B91D7DF0044CD17 /* PomodoroUITests.swift in Sources */ = {isa = PBXBuildFile; fileRef = DA11ED1A2B91D7DF0044CD17 /* PomodoroUITests.swift */; };
		DA11ED1D2B91D7DF0044CD17 /* PomodoroUITestsLaunchTests.swift in Sources */ = {isa = PBXBuildFile; fileRef = DA11ED1C2B91D7DF0044CD17 /* PomodoroUITestsLaunchTests.swift */; };
		DA16769C2B95D8B5003DC9CD /* Fonts.swift in Sources */ = {isa = PBXBuildFile; fileRef = DA16769B2B95D8B5003DC9CD /* Fonts.swift */; };
		DA1676A32B95DA6A003DC9CD /* Manrope-SemiBold.ttf in Resources */ = {isa = PBXBuildFile; fileRef = DA1676A22B95DA6A003DC9CD /* Manrope-SemiBold.ttf */; };
		DA1676A42B95DA6A003DC9CD /* Manrope-SemiBold.ttf in Resources */ = {isa = PBXBuildFile; fileRef = DA1676A22B95DA6A003DC9CD /* Manrope-SemiBold.ttf */; };
		DA1676A52B95DA6A003DC9CD /* Manrope-SemiBold.ttf in Resources */ = {isa = PBXBuildFile; fileRef = DA1676A22B95DA6A003DC9CD /* Manrope-SemiBold.ttf */; };
		DA1676AC2B95DF73003DC9CD /* Montserrat-SemiBold.ttf in Resources */ = {isa = PBXBuildFile; fileRef = DA1676AB2B95DF73003DC9CD /* Montserrat-SemiBold.ttf */; };
		DA1676AD2B95DF73003DC9CD /* Montserrat-SemiBold.ttf in Resources */ = {isa = PBXBuildFile; fileRef = DA1676AB2B95DF73003DC9CD /* Montserrat-SemiBold.ttf */; };
		DA1676AE2B95DF73003DC9CD /* Montserrat-SemiBold.ttf in Resources */ = {isa = PBXBuildFile; fileRef = DA1676AB2B95DF73003DC9CD /* Montserrat-SemiBold.ttf */; };
		DA1676B02B95DF93003DC9CD /* Montserrat-Bold.ttf in Resources */ = {isa = PBXBuildFile; fileRef = DA1676AF2B95DF92003DC9CD /* Montserrat-Bold.ttf */; };
		DA1676B12B95DF93003DC9CD /* Montserrat-Bold.ttf in Resources */ = {isa = PBXBuildFile; fileRef = DA1676AF2B95DF92003DC9CD /* Montserrat-Bold.ttf */; };
		DA1676B22B95DF93003DC9CD /* Montserrat-Bold.ttf in Resources */ = {isa = PBXBuildFile; fileRef = DA1676AF2B95DF92003DC9CD /* Montserrat-Bold.ttf */; };
		DA1676B42B95E1F1003DC9CD /* Silkscreen-Regular.ttf in Resources */ = {isa = PBXBuildFile; fileRef = DA1676B32B95E1F1003DC9CD /* Silkscreen-Regular.ttf */; };
		DA1676B72B95E4D7003DC9CD /* Colors.swift in Sources */ = {isa = PBXBuildFile; fileRef = DA1676B62B95E4D7003DC9CD /* Colors.swift */; };
		DA1676BA2B95FFB9003DC9CD /* Homepage.swift in Sources */ = {isa = PBXBuildFile; fileRef = DA1676B92B95FFB9003DC9CD /* Homepage.swift */; };
		DA1676BB2B95FFB9003DC9CD /* Homepage.swift in Sources */ = {isa = PBXBuildFile; fileRef = DA1676B92B95FFB9003DC9CD /* Homepage.swift */; };
		DA1676BC2B95FFB9003DC9CD /* Homepage.swift in Sources */ = {isa = PBXBuildFile; fileRef = DA1676B92B95FFB9003DC9CD /* Homepage.swift */; };
		DA1676BE2B9601F3003DC9CD /* Text.swift in Sources */ = {isa = PBXBuildFile; fileRef = DA1676BD2B9601F3003DC9CD /* Text.swift */; };
		DA1676BF2B9601F3003DC9CD /* Text.swift in Sources */ = {isa = PBXBuildFile; fileRef = DA1676BD2B9601F3003DC9CD /* Text.swift */; };
		DA1676C02B9601F3003DC9CD /* Text.swift in Sources */ = {isa = PBXBuildFile; fileRef = DA1676BD2B9601F3003DC9CD /* Text.swift */; };
		DA1676C22B961291003DC9CD /* ProjectCard.swift in Sources */ = {isa = PBXBuildFile; fileRef = DA1676C12B961291003DC9CD /* ProjectCard.swift */; };
		DA1676C32B961291003DC9CD /* ProjectCard.swift in Sources */ = {isa = PBXBuildFile; fileRef = DA1676C12B961291003DC9CD /* ProjectCard.swift */; };
		DA1676C42B961291003DC9CD /* ProjectCard.swift in Sources */ = {isa = PBXBuildFile; fileRef = DA1676C12B961291003DC9CD /* ProjectCard.swift */; };
		DA1676C62B98B859003DC9CD /* AddProjectButton.swift in Sources */ = {isa = PBXBuildFile; fileRef = DA1676C52B98B858003DC9CD /* AddProjectButton.swift */; };
		DA1676C72B98B859003DC9CD /* AddProjectButton.swift in Sources */ = {isa = PBXBuildFile; fileRef = DA1676C52B98B858003DC9CD /* AddProjectButton.swift */; };
		DA1676C82B98B859003DC9CD /* AddProjectButton.swift in Sources */ = {isa = PBXBuildFile; fileRef = DA1676C52B98B858003DC9CD /* AddProjectButton.swift */; };
		DA1676CB2B98BDDB003DC9CD /* BlurScroll.swift in Sources */ = {isa = PBXBuildFile; fileRef = DA1676CA2B98BDDB003DC9CD /* BlurScroll.swift */; };
		DA1676CC2B98BDDB003DC9CD /* BlurScroll.swift in Sources */ = {isa = PBXBuildFile; fileRef = DA1676CA2B98BDDB003DC9CD /* BlurScroll.swift */; };
		DA1676CD2B98BDDB003DC9CD /* BlurScroll.swift in Sources */ = {isa = PBXBuildFile; fileRef = DA1676CA2B98BDDB003DC9CD /* BlurScroll.swift */; };
		DA5888B22B99FE82007BA4B0 /* CustomSheet.swift in Sources */ = {isa = PBXBuildFile; fileRef = DA5888B12B99FE82007BA4B0 /* CustomSheet.swift */; };
		DA5888B42B9A020C007BA4B0 /* CornerRadius.swift in Sources */ = {isa = PBXBuildFile; fileRef = DA5888B32B9A020C007BA4B0 /* CornerRadius.swift */; };
		DAA2BD8B2B9F478000017EC3 /* Fonts.swift in Sources */ = {isa = PBXBuildFile; fileRef = DA16769B2B95D8B5003DC9CD /* Fonts.swift */; };
		DAA2BD8C2B9F478000017EC3 /* Fonts.swift in Sources */ = {isa = PBXBuildFile; fileRef = DA16769B2B95D8B5003DC9CD /* Fonts.swift */; };
		DAA2BD8D2B9F479300017EC3 /* Colors.swift in Sources */ = {isa = PBXBuildFile; fileRef = DA1676B62B95E4D7003DC9CD /* Colors.swift */; };
		DAA2BD8E2B9F479300017EC3 /* Colors.swift in Sources */ = {isa = PBXBuildFile; fileRef = DA1676B62B95E4D7003DC9CD /* Colors.swift */; };
		DAA2BD8F2B9F47B700017EC3 /* Assets.xcassets in Resources */ = {isa = PBXBuildFile; fileRef = DA11ED032B91D7DF0044CD17 /* Assets.xcassets */; };
		DAA2BD902B9F47B800017EC3 /* Assets.xcassets in Resources */ = {isa = PBXBuildFile; fileRef = DA11ED032B91D7DF0044CD17 /* Assets.xcassets */; };
		DAA2BD922B9F4B6F00017EC3 /* ProjectCreationSheet.swift in Sources */ = {isa = PBXBuildFile; fileRef = DAA2BD912B9F4B6F00017EC3 /* ProjectCreationSheet.swift */; };
		DAA2BD932B9F4B6F00017EC3 /* ProjectCreationSheet.swift in Sources */ = {isa = PBXBuildFile; fileRef = DAA2BD912B9F4B6F00017EC3 /* ProjectCreationSheet.swift */; };
		DAA2BD942B9F4B6F00017EC3 /* ProjectCreationSheet.swift in Sources */ = {isa = PBXBuildFile; fileRef = DAA2BD912B9F4B6F00017EC3 /* ProjectCreationSheet.swift */; };
		DAA2BD962BA061CE00017EC3 /* Sheet.swift in Sources */ = {isa = PBXBuildFile; fileRef = DAA2BD952BA061CE00017EC3 /* Sheet.swift */; };
		DAA2BD972BA061CE00017EC3 /* Sheet.swift in Sources */ = {isa = PBXBuildFile; fileRef = DAA2BD952BA061CE00017EC3 /* Sheet.swift */; };
		DAA2BD982BA061CE00017EC3 /* Sheet.swift in Sources */ = {isa = PBXBuildFile; fileRef = DAA2BD952BA061CE00017EC3 /* Sheet.swift */; };
		DAA2BD9B2BA3039400017EC3 /* ProjectModel.swift in Sources */ = {isa = PBXBuildFile; fileRef = DAA2BD9A2BA3039400017EC3 /* ProjectModel.swift */; };
		DAA2BD9C2BA3039400017EC3 /* ProjectModel.swift in Sources */ = {isa = PBXBuildFile; fileRef = DAA2BD9A2BA3039400017EC3 /* ProjectModel.swift */; };
		DAA2BD9D2BA3039400017EC3 /* ProjectModel.swift in Sources */ = {isa = PBXBuildFile; fileRef = DAA2BD9A2BA3039400017EC3 /* ProjectModel.swift */; };
		DAA2BD9F2BA304B300017EC3 /* ProjectStorage.swift in Sources */ = {isa = PBXBuildFile; fileRef = DAA2BD9E2BA304B300017EC3 /* ProjectStorage.swift */; };
		DAA2BDA02BA304B300017EC3 /* ProjectStorage.swift in Sources */ = {isa = PBXBuildFile; fileRef = DAA2BD9E2BA304B300017EC3 /* ProjectStorage.swift */; };
		DAA2BDA12BA304B300017EC3 /* ProjectStorage.swift in Sources */ = {isa = PBXBuildFile; fileRef = DAA2BD9E2BA304B300017EC3 /* ProjectStorage.swift */; };
		DAA2BDB12BA4A56E00017EC3 /* ProjectView.swift in Sources */ = {isa = PBXBuildFile; fileRef = DAA2BDB02BA4A56E00017EC3 /* ProjectView.swift */; };
		DAA2BDB22BA4A56E00017EC3 /* ProjectView.swift in Sources */ = {isa = PBXBuildFile; fileRef = DAA2BDB02BA4A56E00017EC3 /* ProjectView.swift */; };
		DAA2BDB32BA4A56E00017EC3 /* ProjectView.swift in Sources */ = {isa = PBXBuildFile; fileRef = DAA2BDB02BA4A56E00017EC3 /* ProjectView.swift */; };
/* End PBXBuildFile section */

/* Begin PBXContainerItemProxy section */
		DA11ED0D2B91D7DF0044CD17 /* PBXContainerItemProxy */ = {
			isa = PBXContainerItemProxy;
			containerPortal = DA11ECF42B91D7DC0044CD17 /* Project object */;
			proxyType = 1;
			remoteGlobalIDString = DA11ECFB2B91D7DD0044CD17;
			remoteInfo = Pomodoro;
		};
		DA11ED172B91D7DF0044CD17 /* PBXContainerItemProxy */ = {
			isa = PBXContainerItemProxy;
			containerPortal = DA11ECF42B91D7DC0044CD17 /* Project object */;
			proxyType = 1;
			remoteGlobalIDString = DA11ECFB2B91D7DD0044CD17;
			remoteInfo = Pomodoro;
		};
/* End PBXContainerItemProxy section */

/* Begin PBXFileReference section */
		DA11ECFC2B91D7DD0044CD17 /* Pomodoro.app */ = {isa = PBXFileReference; explicitFileType = wrapper.application; includeInIndex = 0; path = Pomodoro.app; sourceTree = BUILT_PRODUCTS_DIR; };
		DA11ECFF2B91D7DD0044CD17 /* PomodoroApp.swift */ = {isa = PBXFileReference; lastKnownFileType = sourcecode.swift; path = PomodoroApp.swift; sourceTree = "<group>"; };
		DA11ED012B91D7DD0044CD17 /* ContentView.swift */ = {isa = PBXFileReference; lastKnownFileType = sourcecode.swift; path = ContentView.swift; sourceTree = "<group>"; };
		DA11ED032B91D7DF0044CD17 /* Assets.xcassets */ = {isa = PBXFileReference; lastKnownFileType = folder.assetcatalog; path = Assets.xcassets; sourceTree = "<group>"; };
		DA11ED062B91D7DF0044CD17 /* Preview Assets.xcassets */ = {isa = PBXFileReference; lastKnownFileType = folder.assetcatalog; path = "Preview Assets.xcassets"; sourceTree = "<group>"; };
		DA11ED0C2B91D7DF0044CD17 /* PomodoroTests.xctest */ = {isa = PBXFileReference; explicitFileType = wrapper.cfbundle; includeInIndex = 0; path = PomodoroTests.xctest; sourceTree = BUILT_PRODUCTS_DIR; };
		DA11ED102B91D7DF0044CD17 /* PomodoroTests.swift */ = {isa = PBXFileReference; lastKnownFileType = sourcecode.swift; path = PomodoroTests.swift; sourceTree = "<group>"; };
		DA11ED162B91D7DF0044CD17 /* PomodoroUITests.xctest */ = {isa = PBXFileReference; explicitFileType = wrapper.cfbundle; includeInIndex = 0; path = PomodoroUITests.xctest; sourceTree = BUILT_PRODUCTS_DIR; };
		DA11ED1A2B91D7DF0044CD17 /* PomodoroUITests.swift */ = {isa = PBXFileReference; lastKnownFileType = sourcecode.swift; path = PomodoroUITests.swift; sourceTree = "<group>"; };
		DA11ED1C2B91D7DF0044CD17 /* PomodoroUITestsLaunchTests.swift */ = {isa = PBXFileReference; lastKnownFileType = sourcecode.swift; path = PomodoroUITestsLaunchTests.swift; sourceTree = "<group>"; };
		DA16769B2B95D8B5003DC9CD /* Fonts.swift */ = {isa = PBXFileReference; lastKnownFileType = sourcecode.swift; path = Fonts.swift; sourceTree = "<group>"; };
		DA1676A22B95DA6A003DC9CD /* Manrope-SemiBold.ttf */ = {isa = PBXFileReference; lastKnownFileType = file; path = "Manrope-SemiBold.ttf"; sourceTree = "<group>"; };
		DA1676AA2B95DBA2003DC9CD /* Info.plist */ = {isa = PBXFileReference; lastKnownFileType = text.plist; path = Info.plist; sourceTree = "<group>"; };
		DA1676AB2B95DF73003DC9CD /* Montserrat-SemiBold.ttf */ = {isa = PBXFileReference; lastKnownFileType = file; path = "Montserrat-SemiBold.ttf"; sourceTree = "<group>"; };
		DA1676AF2B95DF92003DC9CD /* Montserrat-Bold.ttf */ = {isa = PBXFileReference; lastKnownFileType = file; path = "Montserrat-Bold.ttf"; sourceTree = "<group>"; };
		DA1676B32B95E1F1003DC9CD /* Silkscreen-Regular.ttf */ = {isa = PBXFileReference; lastKnownFileType = file; path = "Silkscreen-Regular.ttf"; sourceTree = "<group>"; };
		DA1676B62B95E4D7003DC9CD /* Colors.swift */ = {isa = PBXFileReference; lastKnownFileType = sourcecode.swift; path = Colors.swift; sourceTree = "<group>"; };
		DA1676B92B95FFB9003DC9CD /* Homepage.swift */ = {isa = PBXFileReference; lastKnownFileType = sourcecode.swift; path = Homepage.swift; sourceTree = "<group>"; };
		DA1676BD2B9601F3003DC9CD /* Text.swift */ = {isa = PBXFileReference; lastKnownFileType = sourcecode.swift; path = Text.swift; sourceTree = "<group>"; };
		DA1676C12B961291003DC9CD /* ProjectCard.swift */ = {isa = PBXFileReference; lastKnownFileType = sourcecode.swift; path = ProjectCard.swift; sourceTree = "<group>"; };
		DA1676C52B98B858003DC9CD /* AddProjectButton.swift */ = {isa = PBXFileReference; lastKnownFileType = sourcecode.swift; path = AddProjectButton.swift; sourceTree = "<group>"; };
		DA1676CA2B98BDDB003DC9CD /* BlurScroll.swift */ = {isa = PBXFileReference; lastKnownFileType = sourcecode.swift; path = BlurScroll.swift; sourceTree = "<group>"; };
		DA5888B12B99FE82007BA4B0 /* CustomSheet.swift */ = {isa = PBXFileReference; lastKnownFileType = sourcecode.swift; path = CustomSheet.swift; sourceTree = "<group>"; };
		DA5888B32B9A020C007BA4B0 /* CornerRadius.swift */ = {isa = PBXFileReference; lastKnownFileType = sourcecode.swift; path = CornerRadius.swift; sourceTree = "<group>"; };
		DAA2BD912B9F4B6F00017EC3 /* ProjectCreationSheet.swift */ = {isa = PBXFileReference; lastKnownFileType = sourcecode.swift; path = ProjectCreationSheet.swift; sourceTree = "<group>"; };
		DAA2BD952BA061CE00017EC3 /* Sheet.swift */ = {isa = PBXFileReference; lastKnownFileType = sourcecode.swift; path = Sheet.swift; sourceTree = "<group>"; };
		DAA2BD9A2BA3039400017EC3 /* ProjectModel.swift */ = {isa = PBXFileReference; lastKnownFileType = sourcecode.swift; path = ProjectModel.swift; sourceTree = "<group>"; };
		DAA2BD9E2BA304B300017EC3 /* ProjectStorage.swift */ = {isa = PBXFileReference; lastKnownFileType = sourcecode.swift; path = ProjectStorage.swift; sourceTree = "<group>"; };
		DAA2BDB02BA4A56E00017EC3 /* ProjectView.swift */ = {isa = PBXFileReference; lastKnownFileType = sourcecode.swift; path = ProjectView.swift; sourceTree = "<group>"; };
/* End PBXFileReference section */

/* Begin PBXFrameworksBuildPhase section */
		DA11ECF92B91D7DD0044CD17 /* Frameworks */ = {
			isa = PBXFrameworksBuildPhase;
			buildActionMask = 2147483647;
			files = (
			);
			runOnlyForDeploymentPostprocessing = 0;
		};
		DA11ED092B91D7DF0044CD17 /* Frameworks */ = {
			isa = PBXFrameworksBuildPhase;
			buildActionMask = 2147483647;
			files = (
			);
			runOnlyForDeploymentPostprocessing = 0;
		};
		DA11ED132B91D7DF0044CD17 /* Frameworks */ = {
			isa = PBXFrameworksBuildPhase;
			buildActionMask = 2147483647;
			files = (
			);
			runOnlyForDeploymentPostprocessing = 0;
		};
/* End PBXFrameworksBuildPhase section */

/* Begin PBXGroup section */
		DA11ECF32B91D7DC0044CD17 = {
			isa = PBXGroup;
			children = (
				DA11ECFE2B91D7DD0044CD17 /* Pomodoro */,
				DA11ED0F2B91D7DF0044CD17 /* PomodoroTests */,
				DA11ED192B91D7DF0044CD17 /* PomodoroUITests */,
				DA11ECFD2B91D7DD0044CD17 /* Products */,
			);
			sourceTree = "<group>";
		};
		DA11ECFD2B91D7DD0044CD17 /* Products */ = {
			isa = PBXGroup;
			children = (
				DA11ECFC2B91D7DD0044CD17 /* Pomodoro.app */,
				DA11ED0C2B91D7DF0044CD17 /* PomodoroTests.xctest */,
				DA11ED162B91D7DF0044CD17 /* PomodoroUITests.xctest */,
			);
			name = Products;
			sourceTree = "<group>";
		};
		DA11ECFE2B91D7DD0044CD17 /* Pomodoro */ = {
			isa = PBXGroup;
			children = (
				DA1676AA2B95DBA2003DC9CD /* Info.plist */,
				DA11ECFF2B91D7DD0044CD17 /* PomodoroApp.swift */,
				DA11ED012B91D7DD0044CD17 /* ContentView.swift */,
				DAA2BD992BA3036D00017EC3 /* Models */,
				DA1676B52B95E49F003DC9CD /* Style */,
				DA11ED032B91D7DF0044CD17 /* Assets.xcassets */,
				DAA2BDAF2BA4A51E00017EC3 /* Views */,
				DA1676C92B98BCDD003DC9CD /* ViewModifiers */,
				DA16769A2B95D877003DC9CD /* components */,
				DA11ED052B91D7DF0044CD17 /* Preview Content */,
			);
			path = Pomodoro;
			sourceTree = "<group>";
		};
		DA11ED052B91D7DF0044CD17 /* Preview Content */ = {
			isa = PBXGroup;
			children = (
				DA11ED062B91D7DF0044CD17 /* Preview Assets.xcassets */,
			);
			path = "Preview Content";
			sourceTree = "<group>";
		};
		DA11ED0F2B91D7DF0044CD17 /* PomodoroTests */ = {
			isa = PBXGroup;
			children = (
				DA11ED102B91D7DF0044CD17 /* PomodoroTests.swift */,
			);
			path = PomodoroTests;
			sourceTree = "<group>";
		};
		DA11ED192B91D7DF0044CD17 /* PomodoroUITests */ = {
			isa = PBXGroup;
			children = (
				DA11ED1A2B91D7DF0044CD17 /* PomodoroUITests.swift */,
				DA11ED1C2B91D7DF0044CD17 /* PomodoroUITestsLaunchTests.swift */,
			);
			path = PomodoroUITests;
			sourceTree = "<group>";
		};
		DA16769A2B95D877003DC9CD /* components */ = {
			isa = PBXGroup;
			children = (
				DA1676C52B98B858003DC9CD /* AddProjectButton.swift */,
				DAA2BD912B9F4B6F00017EC3 /* ProjectCreationSheet.swift */,
				DAA2BD952BA061CE00017EC3 /* Sheet.swift */,
				DA1676C12B961291003DC9CD /* ProjectCard.swift */,
			);
			path = components;
			sourceTree = "<group>";
		};
		DA16769D2B95D9AC003DC9CD /* Fonts */ = {
			isa = PBXGroup;
			children = (
				DA1676B32B95E1F1003DC9CD /* Silkscreen-Regular.ttf */,
				DA1676AF2B95DF92003DC9CD /* Montserrat-Bold.ttf */,
				DA1676AB2B95DF73003DC9CD /* Montserrat-SemiBold.ttf */,
				DA1676A22B95DA6A003DC9CD /* Manrope-SemiBold.ttf */,
			);
			path = Fonts;
			sourceTree = "<group>";
		};
		DA1676B52B95E49F003DC9CD /* Style */ = {
			isa = PBXGroup;
			children = (
				DA16769B2B95D8B5003DC9CD /* Fonts.swift */,
				DA1676B62B95E4D7003DC9CD /* Colors.swift */,
				DA16769D2B95D9AC003DC9CD /* Fonts */,
			);
			path = Style;
			sourceTree = "<group>";
		};
		DA1676B82B95FF7C003DC9CD /* homepage */ = {
			isa = PBXGroup;
			children = (
				DA1676B92B95FFB9003DC9CD /* Homepage.swift */,
			);
			path = homepage;
			sourceTree = "<group>";
		};
		DA1676C92B98BCDD003DC9CD /* ViewModifiers */ = {
			isa = PBXGroup;
			children = (
				DA1676BD2B9601F3003DC9CD /* Text.swift */,
				DA1676CA2B98BDDB003DC9CD /* BlurScroll.swift */,
				DA5888B12B99FE82007BA4B0 /* CustomSheet.swift */,
				DA5888B32B9A020C007BA4B0 /* CornerRadius.swift */,
			);
			path = ViewModifiers;
			sourceTree = "<group>";
		};
		DAA2BD992BA3036D00017EC3 /* Models */ = {
			isa = PBXGroup;
			children = (
				DAA2BD9A2BA3039400017EC3 /* ProjectModel.swift */,
				DAA2BD9E2BA304B300017EC3 /* ProjectStorage.swift */,
			);
			path = Models;
			sourceTree = "<group>";
		};
		DAA2BDAE2BA4A50B00017EC3 /* Project */ = {
			isa = PBXGroup;
			children = (
				DAA2BDB02BA4A56E00017EC3 /* ProjectView.swift */,
			);
			path = Project;
			sourceTree = "<group>";
		};
		DAA2BDAF2BA4A51E00017EC3 /* Views */ = {
			isa = PBXGroup;
			children = (
				DAA2BDAE2BA4A50B00017EC3 /* Project */,
				DA1676B82B95FF7C003DC9CD /* homepage */,
			);
			path = Views;
			sourceTree = "<group>";
		};
/* End PBXGroup section */

/* Begin PBXNativeTarget section */
		DA11ECFB2B91D7DD0044CD17 /* Pomodoro */ = {
			isa = PBXNativeTarget;
			buildConfigurationList = DA11ED202B91D7DF0044CD17 /* Build configuration list for PBXNativeTarget "Pomodoro" */;
			buildPhases = (
				DA11ECF82B91D7DD0044CD17 /* Sources */,
				DA11ECF92B91D7DD0044CD17 /* Frameworks */,
				DA11ECFA2B91D7DD0044CD17 /* Resources */,
			);
			buildRules = (
			);
			dependencies = (
			);
			name = Pomodoro;
			productName = Pomodoro;
			productReference = DA11ECFC2B91D7DD0044CD17 /* Pomodoro.app */;
			productType = "com.apple.product-type.application";
		};
		DA11ED0B2B91D7DF0044CD17 /* PomodoroTests */ = {
			isa = PBXNativeTarget;
			buildConfigurationList = DA11ED232B91D7DF0044CD17 /* Build configuration list for PBXNativeTarget "PomodoroTests" */;
			buildPhases = (
				DA11ED082B91D7DF0044CD17 /* Sources */,
				DA11ED092B91D7DF0044CD17 /* Frameworks */,
				DA11ED0A2B91D7DF0044CD17 /* Resources */,
			);
			buildRules = (
			);
			dependencies = (
				DA11ED0E2B91D7DF0044CD17 /* PBXTargetDependency */,
			);
			name = PomodoroTests;
			productName = PomodoroTests;
			productReference = DA11ED0C2B91D7DF0044CD17 /* PomodoroTests.xctest */;
			productType = "com.apple.product-type.bundle.unit-test";
		};
		DA11ED152B91D7DF0044CD17 /* PomodoroUITests */ = {
			isa = PBXNativeTarget;
			buildConfigurationList = DA11ED262B91D7DF0044CD17 /* Build configuration list for PBXNativeTarget "PomodoroUITests" */;
			buildPhases = (
				DA11ED122B91D7DF0044CD17 /* Sources */,
				DA11ED132B91D7DF0044CD17 /* Frameworks */,
				DA11ED142B91D7DF0044CD17 /* Resources */,
			);
			buildRules = (
			);
			dependencies = (
				DA11ED182B91D7DF0044CD17 /* PBXTargetDependency */,
			);
			name = PomodoroUITests;
			productName = PomodoroUITests;
			productReference = DA11ED162B91D7DF0044CD17 /* PomodoroUITests.xctest */;
			productType = "com.apple.product-type.bundle.ui-testing";
		};
/* End PBXNativeTarget section */

/* Begin PBXProject section */
		DA11ECF42B91D7DC0044CD17 /* Project object */ = {
			isa = PBXProject;
			attributes = {
				BuildIndependentTargetsInParallel = 1;
				LastSwiftUpdateCheck = 1320;
				LastUpgradeCheck = 1530;
				TargetAttributes = {
					DA11ECFB2B91D7DD0044CD17 = {
						CreatedOnToolsVersion = 13.2.1;
					};
					DA11ED0B2B91D7DF0044CD17 = {
						CreatedOnToolsVersion = 13.2.1;
						TestTargetID = DA11ECFB2B91D7DD0044CD17;
					};
					DA11ED152B91D7DF0044CD17 = {
						CreatedOnToolsVersion = 13.2.1;
						TestTargetID = DA11ECFB2B91D7DD0044CD17;
					};
				};
			};
			buildConfigurationList = DA11ECF72B91D7DC0044CD17 /* Build configuration list for PBXProject "Pomodoro" */;
			compatibilityVersion = "Xcode 13.0";
			developmentRegion = en;
			hasScannedForEncodings = 0;
			knownRegions = (
				en,
				Base,
			);
			mainGroup = DA11ECF32B91D7DC0044CD17;
			productRefGroup = DA11ECFD2B91D7DD0044CD17 /* Products */;
			projectDirPath = "";
			projectRoot = "";
			targets = (
				DA11ECFB2B91D7DD0044CD17 /* Pomodoro */,
				DA11ED0B2B91D7DF0044CD17 /* PomodoroTests */,
				DA11ED152B91D7DF0044CD17 /* PomodoroUITests */,
			);
		};
/* End PBXProject section */

/* Begin PBXResourcesBuildPhase section */
		DA11ECFA2B91D7DD0044CD17 /* Resources */ = {
			isa = PBXResourcesBuildPhase;
			buildActionMask = 2147483647;
			files = (
				DA1676B02B95DF93003DC9CD /* Montserrat-Bold.ttf in Resources */,
				DA11ED072B91D7DF0044CD17 /* Preview Assets.xcassets in Resources */,
				DA1676B42B95E1F1003DC9CD /* Silkscreen-Regular.ttf in Resources */,
				DA1676A32B95DA6A003DC9CD /* Manrope-SemiBold.ttf in Resources */,
				DA1676AC2B95DF73003DC9CD /* Montserrat-SemiBold.ttf in Resources */,
				DA11ED042B91D7DF0044CD17 /* Assets.xcassets in Resources */,
			);
			runOnlyForDeploymentPostprocessing = 0;
		};
		DA11ED0A2B91D7DF0044CD17 /* Resources */ = {
			isa = PBXResourcesBuildPhase;
			buildActionMask = 2147483647;
			files = (
				DA1676AD2B95DF73003DC9CD /* Montserrat-SemiBold.ttf in Resources */,
				DA1676A42B95DA6A003DC9CD /* Manrope-SemiBold.ttf in Resources */,
				DAA2BD8F2B9F47B700017EC3 /* Assets.xcassets in Resources */,
				DA1676B12B95DF93003DC9CD /* Montserrat-Bold.ttf in Resources */,
			);
			runOnlyForDeploymentPostprocessing = 0;
		};
		DA11ED142B91D7DF0044CD17 /* Resources */ = {
			isa = PBXResourcesBuildPhase;
			buildActionMask = 2147483647;
			files = (
				DA1676AE2B95DF73003DC9CD /* Montserrat-SemiBold.ttf in Resources */,
				DA1676A52B95DA6A003DC9CD /* Manrope-SemiBold.ttf in Resources */,
				DAA2BD902B9F47B800017EC3 /* Assets.xcassets in Resources */,
				DA1676B22B95DF93003DC9CD /* Montserrat-Bold.ttf in Resources */,
			);
			runOnlyForDeploymentPostprocessing = 0;
		};
/* End PBXResourcesBuildPhase section */

/* Begin PBXSourcesBuildPhase section */
		DA11ECF82B91D7DD0044CD17 /* Sources */ = {
			isa = PBXSourcesBuildPhase;
			buildActionMask = 2147483647;
			files = (
				DAA2BD9B2BA3039400017EC3 /* ProjectModel.swift in Sources */,
				DA5888B22B99FE82007BA4B0 /* CustomSheet.swift in Sources */,
				DA16769C2B95D8B5003DC9CD /* Fonts.swift in Sources */,
				DA1676CB2B98BDDB003DC9CD /* BlurScroll.swift in Sources */,
				DA1676B72B95E4D7003DC9CD /* Colors.swift in Sources */,
				DA11ED022B91D7DD0044CD17 /* ContentView.swift in Sources */,
				DA1676BA2B95FFB9003DC9CD /* Homepage.swift in Sources */,
				DA5888B42B9A020C007BA4B0 /* CornerRadius.swift in Sources */,
				DA1676C22B961291003DC9CD /* ProjectCard.swift in Sources */,
				DA1676C62B98B859003DC9CD /* AddProjectButton.swift in Sources */,
				DA1676BE2B9601F3003DC9CD /* Text.swift in Sources */,
				DAA2BD9F2BA304B300017EC3 /* ProjectStorage.swift in Sources */,
				DAA2BD962BA061CE00017EC3 /* Sheet.swift in Sources */,
				DAA2BD922B9F4B6F00017EC3 /* ProjectCreationSheet.swift in Sources */,
				DAA2BDB12BA4A56E00017EC3 /* ProjectView.swift in Sources */,
				DA11ED002B91D7DD0044CD17 /* PomodoroApp.swift in Sources */,
			);
			runOnlyForDeploymentPostprocessing = 0;
		};
		DA11ED082B91D7DF0044CD17 /* Sources */ = {
			isa = PBXSourcesBuildPhase;
			buildActionMask = 2147483647;
			files = (
				DAA2BD8B2B9F478000017EC3 /* Fonts.swift in Sources */,
				DAA2BD932B9F4B6F00017EC3 /* ProjectCreationSheet.swift in Sources */,
				DAA2BD8D2B9F479300017EC3 /* Colors.swift in Sources */,
				DA11ED112B91D7DF0044CD17 /* PomodoroTests.swift in Sources */,
				DAA2BD9C2BA3039400017EC3 /* ProjectModel.swift in Sources */,
				DA1676CC2B98BDDB003DC9CD /* BlurScroll.swift in Sources */,
				DAA2BD972BA061CE00017EC3 /* Sheet.swift in Sources */,
				DA1676C32B961291003DC9CD /* ProjectCard.swift in Sources */,
				DA1676C72B98B859003DC9CD /* AddProjectButton.swift in Sources */,
				DA1676BF2B9601F3003DC9CD /* Text.swift in Sources */,
				DA1676BB2B95FFB9003DC9CD /* Homepage.swift in Sources */,
				DAA2BDA02BA304B300017EC3 /* ProjectStorage.swift in Sources */,
				DAA2BDB22BA4A56E00017EC3 /* ProjectView.swift in Sources */,
			);
			runOnlyForDeploymentPostprocessing = 0;
		};
		DA11ED122B91D7DF0044CD17 /* Sources */ = {
			isa = PBXSourcesBuildPhase;
			buildActionMask = 2147483647;
			files = (
				DAA2BD942B9F4B6F00017EC3 /* ProjectCreationSheet.swift in Sources */,
				DAA2BD8C2B9F478000017EC3 /* Fonts.swift in Sources */,
				DAA2BD8E2B9F479300017EC3 /* Colors.swift in Sources */,
				DA11ED1D2B91D7DF0044CD17 /* PomodoroUITestsLaunchTests.swift in Sources */,
				DAA2BDB32BA4A56E00017EC3 /* ProjectView.swift in Sources */,
				DA1676CD2B98BDDB003DC9CD /* BlurScroll.swift in Sources */,
				DAA2BDA12BA304B300017EC3 /* ProjectStorage.swift in Sources */,
				DA1676C82B98B859003DC9CD /* AddProjectButton.swift in Sources */,
				DAA2BD982BA061CE00017EC3 /* Sheet.swift in Sources */,
				DA11ED1B2B91D7DF0044CD17 /* PomodoroUITests.swift in Sources */,
				DA1676C02B9601F3003DC9CD /* Text.swift in Sources */,
				DA1676BC2B95FFB9003DC9CD /* Homepage.swift in Sources */,
				DAA2BD9D2BA3039400017EC3 /* ProjectModel.swift in Sources */,
				DA1676C42B961291003DC9CD /* ProjectCard.swift in Sources */,
			);
			runOnlyForDeploymentPostprocessing = 0;
		};
/* End PBXSourcesBuildPhase section */

/* Begin PBXTargetDependency section */
		DA11ED0E2B91D7DF0044CD17 /* PBXTargetDependency */ = {
			isa = PBXTargetDependency;
			target = DA11ECFB2B91D7DD0044CD17 /* Pomodoro */;
			targetProxy = DA11ED0D2B91D7DF0044CD17 /* PBXContainerItemProxy */;
		};
		DA11ED182B91D7DF0044CD17 /* PBXTargetDependency */ = {
			isa = PBXTargetDependency;
			target = DA11ECFB2B91D7DD0044CD17 /* Pomodoro */;
			targetProxy = DA11ED172B91D7DF0044CD17 /* PBXContainerItemProxy */;
		};
/* End PBXTargetDependency section */

/* Begin XCBuildConfiguration section */
		DA11ED1E2B91D7DF0044CD17 /* Debug */ = {
			isa = XCBuildConfiguration;
			buildSettings = {
				ALWAYS_SEARCH_USER_PATHS = NO;
				ASSETCATALOG_COMPILER_GENERATE_SWIFT_ASSET_SYMBOL_EXTENSIONS = YES;
				CLANG_ANALYZER_NONNULL = YES;
				CLANG_ANALYZER_NUMBER_OBJECT_CONVERSION = YES_AGGRESSIVE;
				CLANG_CXX_LANGUAGE_STANDARD = "gnu++17";
				CLANG_CXX_LIBRARY = "libc++";
				CLANG_ENABLE_MODULES = YES;
				CLANG_ENABLE_OBJC_ARC = YES;
				CLANG_ENABLE_OBJC_WEAK = YES;
				CLANG_WARN_BLOCK_CAPTURE_AUTORELEASING = YES;
				CLANG_WARN_BOOL_CONVERSION = YES;
				CLANG_WARN_COMMA = YES;
				CLANG_WARN_CONSTANT_CONVERSION = YES;
				CLANG_WARN_DEPRECATED_OBJC_IMPLEMENTATIONS = YES;
				CLANG_WARN_DIRECT_OBJC_ISA_USAGE = YES_ERROR;
				CLANG_WARN_DOCUMENTATION_COMMENTS = YES;
				CLANG_WARN_EMPTY_BODY = YES;
				CLANG_WARN_ENUM_CONVERSION = YES;
				CLANG_WARN_INFINITE_RECURSION = YES;
				CLANG_WARN_INT_CONVERSION = YES;
				CLANG_WARN_NON_LITERAL_NULL_CONVERSION = YES;
				CLANG_WARN_OBJC_IMPLICIT_RETAIN_SELF = YES;
				CLANG_WARN_OBJC_LITERAL_CONVERSION = YES;
				CLANG_WARN_OBJC_ROOT_CLASS = YES_ERROR;
				CLANG_WARN_QUOTED_INCLUDE_IN_FRAMEWORK_HEADER = YES;
				CLANG_WARN_RANGE_LOOP_ANALYSIS = YES;
				CLANG_WARN_STRICT_PROTOTYPES = YES;
				CLANG_WARN_SUSPICIOUS_MOVE = YES;
				CLANG_WARN_UNGUARDED_AVAILABILITY = YES_AGGRESSIVE;
				CLANG_WARN_UNREACHABLE_CODE = YES;
				CLANG_WARN__DUPLICATE_METHOD_MATCH = YES;
				COPY_PHASE_STRIP = NO;
				DEBUG_INFORMATION_FORMAT = dwarf;
				ENABLE_STRICT_OBJC_MSGSEND = YES;
				ENABLE_TESTABILITY = YES;
				ENABLE_USER_SCRIPT_SANDBOXING = YES;
				GCC_C_LANGUAGE_STANDARD = gnu11;
				GCC_DYNAMIC_NO_PIC = NO;
				GCC_NO_COMMON_BLOCKS = YES;
				GCC_OPTIMIZATION_LEVEL = 0;
				GCC_PREPROCESSOR_DEFINITIONS = (
					"DEBUG=1",
					"$(inherited)",
				);
				GCC_WARN_64_TO_32_BIT_CONVERSION = YES;
				GCC_WARN_ABOUT_RETURN_TYPE = YES_ERROR;
				GCC_WARN_UNDECLARED_SELECTOR = YES;
				GCC_WARN_UNINITIALIZED_AUTOS = YES_AGGRESSIVE;
				GCC_WARN_UNUSED_FUNCTION = YES;
				GCC_WARN_UNUSED_VARIABLE = YES;
				IPHONEOS_DEPLOYMENT_TARGET = 16.0;
				MTL_ENABLE_DEBUG_INFO = INCLUDE_SOURCE;
				MTL_FAST_MATH = YES;
				ONLY_ACTIVE_ARCH = YES;
				SDKROOT = iphoneos;
				SWIFT_ACTIVE_COMPILATION_CONDITIONS = DEBUG;
				SWIFT_OPTIMIZATION_LEVEL = "-Onone";
			};
			name = Debug;
		};
		DA11ED1F2B91D7DF0044CD17 /* Release */ = {
			isa = XCBuildConfiguration;
			buildSettings = {
				ALWAYS_SEARCH_USER_PATHS = NO;
				ASSETCATALOG_COMPILER_GENERATE_SWIFT_ASSET_SYMBOL_EXTENSIONS = YES;
				CLANG_ANALYZER_NONNULL = YES;
				CLANG_ANALYZER_NUMBER_OBJECT_CONVERSION = YES_AGGRESSIVE;
				CLANG_CXX_LANGUAGE_STANDARD = "gnu++17";
				CLANG_CXX_LIBRARY = "libc++";
				CLANG_ENABLE_MODULES = YES;
				CLANG_ENABLE_OBJC_ARC = YES;
				CLANG_ENABLE_OBJC_WEAK = YES;
				CLANG_WARN_BLOCK_CAPTURE_AUTORELEASING = YES;
				CLANG_WARN_BOOL_CONVERSION = YES;
				CLANG_WARN_COMMA = YES;
				CLANG_WARN_CONSTANT_CONVERSION = YES;
				CLANG_WARN_DEPRECATED_OBJC_IMPLEMENTATIONS = YES;
				CLANG_WARN_DIRECT_OBJC_ISA_USAGE = YES_ERROR;
				CLANG_WARN_DOCUMENTATION_COMMENTS = YES;
				CLANG_WARN_EMPTY_BODY = YES;
				CLANG_WARN_ENUM_CONVERSION = YES;
				CLANG_WARN_INFINITE_RECURSION = YES;
				CLANG_WARN_INT_CONVERSION = YES;
				CLANG_WARN_NON_LITERAL_NULL_CONVERSION = YES;
				CLANG_WARN_OBJC_IMPLICIT_RETAIN_SELF = YES;
				CLANG_WARN_OBJC_LITERAL_CONVERSION = YES;
				CLANG_WARN_OBJC_ROOT_CLASS = YES_ERROR;
				CLANG_WARN_QUOTED_INCLUDE_IN_FRAMEWORK_HEADER = YES;
				CLANG_WARN_RANGE_LOOP_ANALYSIS = YES;
				CLANG_WARN_STRICT_PROTOTYPES = YES;
				CLANG_WARN_SUSPICIOUS_MOVE = YES;
				CLANG_WARN_UNGUARDED_AVAILABILITY = YES_AGGRESSIVE;
				CLANG_WARN_UNREACHABLE_CODE = YES;
				CLANG_WARN__DUPLICATE_METHOD_MATCH = YES;
				COPY_PHASE_STRIP = NO;
				DEBUG_INFORMATION_FORMAT = "dwarf-with-dsym";
				ENABLE_NS_ASSERTIONS = NO;
				ENABLE_STRICT_OBJC_MSGSEND = YES;
				ENABLE_USER_SCRIPT_SANDBOXING = YES;
				GCC_C_LANGUAGE_STANDARD = gnu11;
				GCC_NO_COMMON_BLOCKS = YES;
				GCC_WARN_64_TO_32_BIT_CONVERSION = YES;
				GCC_WARN_ABOUT_RETURN_TYPE = YES_ERROR;
				GCC_WARN_UNDECLARED_SELECTOR = YES;
				GCC_WARN_UNINITIALIZED_AUTOS = YES_AGGRESSIVE;
				GCC_WARN_UNUSED_FUNCTION = YES;
				GCC_WARN_UNUSED_VARIABLE = YES;
				IPHONEOS_DEPLOYMENT_TARGET = 16.0;
				MTL_ENABLE_DEBUG_INFO = NO;
				MTL_FAST_MATH = YES;
				SDKROOT = iphoneos;
				SWIFT_COMPILATION_MODE = wholemodule;
				SWIFT_OPTIMIZATION_LEVEL = "-O";
				VALIDATE_PRODUCT = YES;
			};
			name = Release;
		};
		DA11ED212B91D7DF0044CD17 /* Debug */ = {
			isa = XCBuildConfiguration;
			buildSettings = {
				ASSETCATALOG_COMPILER_APPICON_NAME = AppIcon;
				ASSETCATALOG_COMPILER_GLOBAL_ACCENT_COLOR_NAME = AccentColor;
				CODE_SIGN_STYLE = Automatic;
				CURRENT_PROJECT_VERSION = 1;
				DEVELOPMENT_ASSET_PATHS = "\"Pomodoro/Preview Content\"";
				DEVELOPMENT_TEAM = CUKPDDT2TD;
				ENABLE_PREVIEWS = YES;
				GENERATE_INFOPLIST_FILE = YES;
				INFOPLIST_FILE = Pomodoro/Info.plist;
				INFOPLIST_KEY_UIApplicationSceneManifest_Generation = YES;
				INFOPLIST_KEY_UIApplicationSupportsIndirectInputEvents = YES;
				INFOPLIST_KEY_UILaunchScreen_Generation = YES;
				INFOPLIST_KEY_UISupportedInterfaceOrientations_iPad = "UIInterfaceOrientationPortrait UIInterfaceOrientationPortraitUpsideDown UIInterfaceOrientationLandscapeLeft UIInterfaceOrientationLandscapeRight";
				INFOPLIST_KEY_UISupportedInterfaceOrientations_iPhone = "UIInterfaceOrientationPortrait UIInterfaceOrientationLandscapeLeft UIInterfaceOrientationLandscapeRight";
				IPHONEOS_DEPLOYMENT_TARGET = 16.0;
				LD_RUNPATH_SEARCH_PATHS = (
					"$(inherited)",
					"@executable_path/Frameworks",
				);
				MARKETING_VERSION = 1.0;
				PRODUCT_BUNDLE_IDENTIFIER = PME.Pomodoro;
				PRODUCT_NAME = "$(TARGET_NAME)";
				SWIFT_DISABLE_SAFETY_CHECKS = NO;
				SWIFT_EMIT_LOC_STRINGS = YES;
				SWIFT_VERSION = 5.0;
				TARGETED_DEVICE_FAMILY = "1,2";
			};
			name = Debug;
		};
		DA11ED222B91D7DF0044CD17 /* Release */ = {
			isa = XCBuildConfiguration;
			buildSettings = {
				ASSETCATALOG_COMPILER_APPICON_NAME = AppIcon;
				ASSETCATALOG_COMPILER_GLOBAL_ACCENT_COLOR_NAME = AccentColor;
				CODE_SIGN_STYLE = Automatic;
				CURRENT_PROJECT_VERSION = 1;
				DEVELOPMENT_ASSET_PATHS = "\"Pomodoro/Preview Content\"";
				DEVELOPMENT_TEAM = CUKPDDT2TD;
				ENABLE_PREVIEWS = YES;
				GENERATE_INFOPLIST_FILE = YES;
				INFOPLIST_FILE = Pomodoro/Info.plist;
				INFOPLIST_KEY_UIApplicationSceneManifest_Generation = YES;
				INFOPLIST_KEY_UIApplicationSupportsIndirectInputEvents = YES;
				INFOPLIST_KEY_UILaunchScreen_Generation = YES;
				INFOPLIST_KEY_UISupportedInterfaceOrientations_iPad = "UIInterfaceOrientationPortrait UIInterfaceOrientationPortraitUpsideDown UIInterfaceOrientationLandscapeLeft UIInterfaceOrientationLandscapeRight";
				INFOPLIST_KEY_UISupportedInterfaceOrientations_iPhone = "UIInterfaceOrientationPortrait UIInterfaceOrientationLandscapeLeft UIInterfaceOrientationLandscapeRight";
				IPHONEOS_DEPLOYMENT_TARGET = 16.0;
				LD_RUNPATH_SEARCH_PATHS = (
					"$(inherited)",
					"@executable_path/Frameworks",
				);
				MARKETING_VERSION = 1.0;
				PRODUCT_BUNDLE_IDENTIFIER = PME.Pomodoro;
				PRODUCT_NAME = "$(TARGET_NAME)";
				SWIFT_EMIT_LOC_STRINGS = YES;
				SWIFT_VERSION = 5.0;
				TARGETED_DEVICE_FAMILY = "1,2";
			};
			name = Release;
		};
		DA11ED242B91D7DF0044CD17 /* Debug */ = {
			isa = XCBuildConfiguration;
			buildSettings = {
				ALWAYS_EMBED_SWIFT_STANDARD_LIBRARIES = YES;
				BUNDLE_LOADER = "$(TEST_HOST)";
				CODE_SIGN_STYLE = Automatic;
				CURRENT_PROJECT_VERSION = 1;
				DEVELOPMENT_TEAM = CUKPDDT2TD;
				GENERATE_INFOPLIST_FILE = YES;
				IPHONEOS_DEPLOYMENT_TARGET = 16.0;
				MARKETING_VERSION = 1.0;
				PRODUCT_BUNDLE_IDENTIFIER = PME.PomodoroTests;
				PRODUCT_NAME = "$(TARGET_NAME)";
				SWIFT_EMIT_LOC_STRINGS = NO;
				SWIFT_VERSION = 5.0;
				TARGETED_DEVICE_FAMILY = "1,2";
				TEST_HOST = "$(BUILT_PRODUCTS_DIR)/Pomodoro.app/Pomodoro";
			};
			name = Debug;
		};
		DA11ED252B91D7DF0044CD17 /* Release */ = {
			isa = XCBuildConfiguration;
			buildSettings = {
				ALWAYS_EMBED_SWIFT_STANDARD_LIBRARIES = YES;
				BUNDLE_LOADER = "$(TEST_HOST)";
				CODE_SIGN_STYLE = Automatic;
				CURRENT_PROJECT_VERSION = 1;
				DEVELOPMENT_TEAM = CUKPDDT2TD;
				GENERATE_INFOPLIST_FILE = YES;
				IPHONEOS_DEPLOYMENT_TARGET = 16.0;
				MARKETING_VERSION = 1.0;
				PRODUCT_BUNDLE_IDENTIFIER = PME.PomodoroTests;
				PRODUCT_NAME = "$(TARGET_NAME)";
				SWIFT_EMIT_LOC_STRINGS = NO;
				SWIFT_VERSION = 5.0;
				TARGETED_DEVICE_FAMILY = "1,2";
				TEST_HOST = "$(BUILT_PRODUCTS_DIR)/Pomodoro.app/Pomodoro";
			};
			name = Release;
		};
		DA11ED272B91D7DF0044CD17 /* Debug */ = {
			isa = XCBuildConfiguration;
			buildSettings = {
				ALWAYS_EMBED_SWIFT_STANDARD_LIBRARIES = YES;
				CODE_SIGN_STYLE = Automatic;
				CURRENT_PROJECT_VERSION = 1;
				DEVELOPMENT_TEAM = CUKPDDT2TD;
				GENERATE_INFOPLIST_FILE = YES;
				MARKETING_VERSION = 1.0;
				PRODUCT_BUNDLE_IDENTIFIER = PME.PomodoroUITests;
				PRODUCT_NAME = "$(TARGET_NAME)";
				SWIFT_EMIT_LOC_STRINGS = NO;
				SWIFT_VERSION = 5.0;
				TARGETED_DEVICE_FAMILY = "1,2";
				TEST_TARGET_NAME = Pomodoro;
			};
			name = Debug;
		};
		DA11ED282B91D7DF0044CD17 /* Release */ = {
			isa = XCBuildConfiguration;
			buildSettings = {
				ALWAYS_EMBED_SWIFT_STANDARD_LIBRARIES = YES;
				CODE_SIGN_STYLE = Automatic;
				CURRENT_PROJECT_VERSION = 1;
				DEVELOPMENT_TEAM = CUKPDDT2TD;
				GENERATE_INFOPLIST_FILE = YES;
				MARKETING_VERSION = 1.0;
				PRODUCT_BUNDLE_IDENTIFIER = PME.PomodoroUITests;
				PRODUCT_NAME = "$(TARGET_NAME)";
				SWIFT_EMIT_LOC_STRINGS = NO;
				SWIFT_VERSION = 5.0;
				TARGETED_DEVICE_FAMILY = "1,2";
				TEST_TARGET_NAME = Pomodoro;
			};
			name = Release;
		};
/* End XCBuildConfiguration section */

/* Begin XCConfigurationList section */
		DA11ECF72B91D7DC0044CD17 /* Build configuration list for PBXProject "Pomodoro" */ = {
			isa = XCConfigurationList;
			buildConfigurations = (
				DA11ED1E2B91D7DF0044CD17 /* Debug */,
				DA11ED1F2B91D7DF0044CD17 /* Release */,
			);
			defaultConfigurationIsVisible = 0;
			defaultConfigurationName = Release;
		};
		DA11ED202B91D7DF0044CD17 /* Build configuration list for PBXNativeTarget "Pomodoro" */ = {
			isa = XCConfigurationList;
			buildConfigurations = (
				DA11ED212B91D7DF0044CD17 /* Debug */,
				DA11ED222B91D7DF0044CD17 /* Release */,
			);
			defaultConfigurationIsVisible = 0;
			defaultConfigurationName = Release;
		};
		DA11ED232B91D7DF0044CD17 /* Build configuration list for PBXNativeTarget "PomodoroTests" */ = {
			isa = XCConfigurationList;
			buildConfigurations = (
				DA11ED242B91D7DF0044CD17 /* Debug */,
				DA11ED252B91D7DF0044CD17 /* Release */,
			);
			defaultConfigurationIsVisible = 0;
			defaultConfigurationName = Release;
		};
		DA11ED262B91D7DF0044CD17 /* Build configuration list for PBXNativeTarget "PomodoroUITests" */ = {
			isa = XCConfigurationList;
			buildConfigurations = (
				DA11ED272B91D7DF0044CD17 /* Debug */,
				DA11ED282B91D7DF0044CD17 /* Release */,
			);
			defaultConfigurationIsVisible = 0;
			defaultConfigurationName = Release;
		};
/* End XCConfigurationList section */
	};
	rootObject = DA11ECF42B91D7DC0044CD17 /* Project object */;
}
